// !$*UTF8*$!
{
	archiveVersion = 1;
	classes = {
	};
	objectVersion = 50;
	objects = {

/* Begin PBXBuildFile section */
		01A8780E965A5A618CB49B46 /* Pods_sunriseconchUITests.framework in Frameworks */ = {isa = PBXBuildFile; fileRef = 3873021052AC38BC68532E51 /* Pods_sunriseconchUITests.framework */; };
		67287C08AA8D15BC15258638 /* Pods_sunriseconchTests.framework in Frameworks */ = {isa = PBXBuildFile; fileRef = 564D2282572A1E0009DD919F /* Pods_sunriseconchTests.framework */; };
		9C26430F21D5EF8500E57828 /* AppDelegate.swift in Sources */ = {isa = PBXBuildFile; fileRef = 9C26430E21D5EF8500E57828 /* AppDelegate.swift */; };
		9C26431121D5EF8500E57828 /* ViewController.swift in Sources */ = {isa = PBXBuildFile; fileRef = 9C26431021D5EF8500E57828 /* ViewController.swift */; };
		9C26431421D5EF8500E57828 /* Main.storyboard in Resources */ = {isa = PBXBuildFile; fileRef = 9C26431221D5EF8500E57828 /* Main.storyboard */; };
		9C26431621D5EF8500E57828 /* Assets.xcassets in Resources */ = {isa = PBXBuildFile; fileRef = 9C26431521D5EF8500E57828 /* Assets.xcassets */; };
		9C26431921D5EF8500E57828 /* LaunchScreen.storyboard in Resources */ = {isa = PBXBuildFile; fileRef = 9C26431721D5EF8500E57828 /* LaunchScreen.storyboard */; };
		9C26432421D5EF8500E57828 /* sunriseconchTests.swift in Sources */ = {isa = PBXBuildFile; fileRef = 9C26432321D5EF8500E57828 /* sunriseconchTests.swift */; };
		9C26432F21D5EF8500E57828 /* sunriseconchUITests.swift in Sources */ = {isa = PBXBuildFile; fileRef = 9C26432E21D5EF8500E57828 /* sunriseconchUITests.swift */; };
		DCBB06470EB158DA9308B4EF /* Pods_sunriseconch.framework in Frameworks */ = {isa = PBXBuildFile; fileRef = EBAD32E3397D051C59C6D7C6 /* Pods_sunriseconch.framework */; };
/* End PBXBuildFile section */

/* Begin PBXContainerItemProxy section */
		9C26432021D5EF8500E57828 /* PBXContainerItemProxy */ = {
			isa = PBXContainerItemProxy;
			containerPortal = 9C26430321D5EF8500E57828 /* Project object */;
			proxyType = 1;
			remoteGlobalIDString = 9C26430A21D5EF8500E57828;
			remoteInfo = sunriseconch;
		};
		9C26432B21D5EF8500E57828 /* PBXContainerItemProxy */ = {
			isa = PBXContainerItemProxy;
			containerPortal = 9C26430321D5EF8500E57828 /* Project object */;
			proxyType = 1;
			remoteGlobalIDString = 9C26430A21D5EF8500E57828;
			remoteInfo = sunriseconch;
		};
/* End PBXContainerItemProxy section */

/* Begin PBXFileReference section */
		3873021052AC38BC68532E51 /* Pods_sunriseconchUITests.framework */ = {isa = PBXFileReference; explicitFileType = wrapper.framework; includeInIndex = 0; path = Pods_sunriseconchUITests.framework; sourceTree = BUILT_PRODUCTS_DIR; };
		564D2282572A1E0009DD919F /* Pods_sunriseconchTests.framework */ = {isa = PBXFileReference; explicitFileType = wrapper.framework; includeInIndex = 0; path = Pods_sunriseconchTests.framework; sourceTree = BUILT_PRODUCTS_DIR; };
		779D134C166A3DE69035BD3B /* Pods-sunriseconchUITests.release.xcconfig */ = {isa = PBXFileReference; includeInIndex = 1; lastKnownFileType = text.xcconfig; name = "Pods-sunriseconchUITests.release.xcconfig"; path = "Pods/Target Support Files/Pods-sunriseconchUITests/Pods-sunriseconchUITests.release.xcconfig"; sourceTree = "<group>"; };
		868A9DDD15042CDBCA75CF4F /* Pods-sunriseconchUITests.debug.xcconfig */ = {isa = PBXFileReference; includeInIndex = 1; lastKnownFileType = text.xcconfig; name = "Pods-sunriseconchUITests.debug.xcconfig"; path = "Pods/Target Support Files/Pods-sunriseconchUITests/Pods-sunriseconchUITests.debug.xcconfig"; sourceTree = "<group>"; };
		8F66C2D49B6BFB38D8EFA8C6 /* Pods-sunriseconchTests.release.xcconfig */ = {isa = PBXFileReference; includeInIndex = 1; lastKnownFileType = text.xcconfig; name = "Pods-sunriseconchTests.release.xcconfig"; path = "Pods/Target Support Files/Pods-sunriseconchTests/Pods-sunriseconchTests.release.xcconfig"; sourceTree = "<group>"; };
		964F4966D5D3C0DE5707FE3E /* Pods-sunriseconch.release.xcconfig */ = {isa = PBXFileReference; includeInIndex = 1; lastKnownFileType = text.xcconfig; name = "Pods-sunriseconch.release.xcconfig"; path = "Pods/Target Support Files/Pods-sunriseconch/Pods-sunriseconch.release.xcconfig"; sourceTree = "<group>"; };
		9C26430B21D5EF8500E57828 /* sunriseconch.app */ = {isa = PBXFileReference; explicitFileType = wrapper.application; includeInIndex = 0; path = sunriseconch.app; sourceTree = BUILT_PRODUCTS_DIR; };
		9C26430E21D5EF8500E57828 /* AppDelegate.swift */ = {isa = PBXFileReference; lastKnownFileType = sourcecode.swift; path = AppDelegate.swift; sourceTree = "<group>"; };
		9C26431021D5EF8500E57828 /* ViewController.swift */ = {isa = PBXFileReference; lastKnownFileType = sourcecode.swift; path = ViewController.swift; sourceTree = "<group>"; };
		9C26431321D5EF8500E57828 /* Base */ = {isa = PBXFileReference; lastKnownFileType = file.storyboard; name = Base; path = Base.lproj/Main.storyboard; sourceTree = "<group>"; };
		9C26431521D5EF8500E57828 /* Assets.xcassets */ = {isa = PBXFileReference; lastKnownFileType = folder.assetcatalog; path = Assets.xcassets; sourceTree = "<group>"; };
		9C26431821D5EF8500E57828 /* Base */ = {isa = PBXFileReference; lastKnownFileType = file.storyboard; name = Base; path = Base.lproj/LaunchScreen.storyboard; sourceTree = "<group>"; };
		9C26431A21D5EF8500E57828 /* Info.plist */ = {isa = PBXFileReference; lastKnownFileType = text.plist.xml; path = Info.plist; sourceTree = "<group>"; };
		9C26431F21D5EF8500E57828 /* sunriseconchTests.xctest */ = {isa = PBXFileReference; explicitFileType = wrapper.cfbundle; includeInIndex = 0; path = sunriseconchTests.xctest; sourceTree = BUILT_PRODUCTS_DIR; };
		9C26432321D5EF8500E57828 /* sunriseconchTests.swift */ = {isa = PBXFileReference; lastKnownFileType = sourcecode.swift; path = sunriseconchTests.swift; sourceTree = "<group>"; };
		9C26432521D5EF8500E57828 /* Info.plist */ = {isa = PBXFileReference; lastKnownFileType = text.plist.xml; path = Info.plist; sourceTree = "<group>"; };
		9C26432A21D5EF8500E57828 /* sunriseconchUITests.xctest */ = {isa = PBXFileReference; explicitFileType = wrapper.cfbundle; includeInIndex = 0; path = sunriseconchUITests.xctest; sourceTree = BUILT_PRODUCTS_DIR; };
		9C26432E21D5EF8500E57828 /* sunriseconchUITests.swift */ = {isa = PBXFileReference; lastKnownFileType = sourcecode.swift; path = sunriseconchUITests.swift; sourceTree = "<group>"; };
		9C26433021D5EF8500E57828 /* Info.plist */ = {isa = PBXFileReference; lastKnownFileType = text.plist.xml; path = Info.plist; sourceTree = "<group>"; };
		C6E562F60A7C860B16381E4A /* Pods-sunriseconchTests.debug.xcconfig */ = {isa = PBXFileReference; includeInIndex = 1; lastKnownFileType = text.xcconfig; name = "Pods-sunriseconchTests.debug.xcconfig"; path = "Pods/Target Support Files/Pods-sunriseconchTests/Pods-sunriseconchTests.debug.xcconfig"; sourceTree = "<group>"; };
		CEFDCFA1E6402EE6E2989AF7 /* Pods-sunriseconch.debug.xcconfig */ = {isa = PBXFileReference; includeInIndex = 1; lastKnownFileType = text.xcconfig; name = "Pods-sunriseconch.debug.xcconfig"; path = "Pods/Target Support Files/Pods-sunriseconch/Pods-sunriseconch.debug.xcconfig"; sourceTree = "<group>"; };
		EBAD32E3397D051C59C6D7C6 /* Pods_sunriseconch.framework */ = {isa = PBXFileReference; explicitFileType = wrapper.framework; includeInIndex = 0; path = Pods_sunriseconch.framework; sourceTree = BUILT_PRODUCTS_DIR; };
/* End PBXFileReference section */

/* Begin PBXFrameworksBuildPhase section */
		9C26430821D5EF8500E57828 /* Frameworks */ = {
			isa = PBXFrameworksBuildPhase;
			buildActionMask = 2147483647;
			files = (
				DCBB06470EB158DA9308B4EF /* Pods_sunriseconch.framework in Frameworks */,
			);
			runOnlyForDeploymentPostprocessing = 0;
		};
		9C26431C21D5EF8500E57828 /* Frameworks */ = {
			isa = PBXFrameworksBuildPhase;
			buildActionMask = 2147483647;
			files = (
				67287C08AA8D15BC15258638 /* Pods_sunriseconchTests.framework in Frameworks */,
			);
			runOnlyForDeploymentPostprocessing = 0;
		};
		9C26432721D5EF8500E57828 /* Frameworks */ = {
			isa = PBXFrameworksBuildPhase;
			buildActionMask = 2147483647;
			files = (
				01A8780E965A5A618CB49B46 /* Pods_sunriseconchUITests.framework in Frameworks */,
			);
			runOnlyForDeploymentPostprocessing = 0;
		};
/* End PBXFrameworksBuildPhase section */

/* Begin PBXGroup section */
		361505924CBB9690C419AC2B /* Pods */ = {
			isa = PBXGroup;
			children = (
				CEFDCFA1E6402EE6E2989AF7 /* Pods-sunriseconch.debug.xcconfig */,
				964F4966D5D3C0DE5707FE3E /* Pods-sunriseconch.release.xcconfig */,
				C6E562F60A7C860B16381E4A /* Pods-sunriseconchTests.debug.xcconfig */,
				8F66C2D49B6BFB38D8EFA8C6 /* Pods-sunriseconchTests.release.xcconfig */,
				868A9DDD15042CDBCA75CF4F /* Pods-sunriseconchUITests.debug.xcconfig */,
				779D134C166A3DE69035BD3B /* Pods-sunriseconchUITests.release.xcconfig */,
			);
			name = Pods;
			sourceTree = "<group>";
		};
		9C26430221D5EF8500E57828 = {
			isa = PBXGroup;
			children = (
				9C26430D21D5EF8500E57828 /* sunriseconch */,
				9C26432221D5EF8500E57828 /* sunriseconchTests */,
				9C26432D21D5EF8500E57828 /* sunriseconchUITests */,
				9C26430C21D5EF8500E57828 /* Products */,
				361505924CBB9690C419AC2B /* Pods */,
				E040FA926BCCE49E5C13B719 /* Frameworks */,
			);
			sourceTree = "<group>";
		};
		9C26430C21D5EF8500E57828 /* Products */ = {
			isa = PBXGroup;
			children = (
				9C26430B21D5EF8500E57828 /* sunriseconch.app */,
				9C26431F21D5EF8500E57828 /* sunriseconchTests.xctest */,
				9C26432A21D5EF8500E57828 /* sunriseconchUITests.xctest */,
			);
			name = Products;
			sourceTree = "<group>";
		};
		9C26430D21D5EF8500E57828 /* sunriseconch */ = {
			isa = PBXGroup;
			children = (
				9C26430E21D5EF8500E57828 /* AppDelegate.swift */,
				9C26431021D5EF8500E57828 /* ViewController.swift */,
				9C26431221D5EF8500E57828 /* Main.storyboard */,
				9C26431521D5EF8500E57828 /* Assets.xcassets */,
				9C26431721D5EF8500E57828 /* LaunchScreen.storyboard */,
				9C26431A21D5EF8500E57828 /* Info.plist */,
			);
			path = sunriseconch;
			sourceTree = "<group>";
		};
		9C26432221D5EF8500E57828 /* sunriseconchTests */ = {
			isa = PBXGroup;
			children = (
				9C26432321D5EF8500E57828 /* sunriseconchTests.swift */,
				9C26432521D5EF8500E57828 /* Info.plist */,
			);
			path = sunriseconchTests;
			sourceTree = "<group>";
		};
		9C26432D21D5EF8500E57828 /* sunriseconchUITests */ = {
			isa = PBXGroup;
			children = (
				9C26432E21D5EF8500E57828 /* sunriseconchUITests.swift */,
				9C26433021D5EF8500E57828 /* Info.plist */,
			);
			path = sunriseconchUITests;
			sourceTree = "<group>";
		};
		E040FA926BCCE49E5C13B719 /* Frameworks */ = {
			isa = PBXGroup;
			children = (
				EBAD32E3397D051C59C6D7C6 /* Pods_sunriseconch.framework */,
				564D2282572A1E0009DD919F /* Pods_sunriseconchTests.framework */,
				3873021052AC38BC68532E51 /* Pods_sunriseconchUITests.framework */,
			);
			name = Frameworks;
			sourceTree = "<group>";
		};
/* End PBXGroup section */

/* Begin PBXNativeTarget section */
		9C26430A21D5EF8500E57828 /* sunriseconch */ = {
			isa = PBXNativeTarget;
			buildConfigurationList = 9C26433321D5EF8500E57828 /* Build configuration list for PBXNativeTarget "sunriseconch" */;
			buildPhases = (
				290FB1A5A6D39C909C31759F /* [CP] Check Pods Manifest.lock */,
				9C26430721D5EF8500E57828 /* Sources */,
				9C26430821D5EF8500E57828 /* Frameworks */,
				9C26430921D5EF8500E57828 /* Resources */,
				09B8319D7B7C08E86BEA2FF3 /* [CP] Embed Pods Frameworks */,
			);
			buildRules = (
			);
			dependencies = (
			);
			name = sunriseconch;
			productName = sunriseconch;
			productReference = 9C26430B21D5EF8500E57828 /* sunriseconch.app */;
			productType = "com.apple.product-type.application";
		};
		9C26431E21D5EF8500E57828 /* sunriseconchTests */ = {
			isa = PBXNativeTarget;
			buildConfigurationList = 9C26433621D5EF8500E57828 /* Build configuration list for PBXNativeTarget "sunriseconchTests" */;
			buildPhases = (
				914B8602C44D6C8D10A6CA35 /* [CP] Check Pods Manifest.lock */,
				9C26431B21D5EF8500E57828 /* Sources */,
				9C26431C21D5EF8500E57828 /* Frameworks */,
				9C26431D21D5EF8500E57828 /* Resources */,
			);
			buildRules = (
			);
			dependencies = (
				9C26432121D5EF8500E57828 /* PBXTargetDependency */,
			);
			name = sunriseconchTests;
			productName = sunriseconchTests;
			productReference = 9C26431F21D5EF8500E57828 /* sunriseconchTests.xctest */;
			productType = "com.apple.product-type.bundle.unit-test";
		};
		9C26432921D5EF8500E57828 /* sunriseconchUITests */ = {
			isa = PBXNativeTarget;
			buildConfigurationList = 9C26433921D5EF8500E57828 /* Build configuration list for PBXNativeTarget "sunriseconchUITests" */;
			buildPhases = (
				4CC44A73E910E355E8273724 /* [CP] Check Pods Manifest.lock */,
				9C26432621D5EF8500E57828 /* Sources */,
				9C26432721D5EF8500E57828 /* Frameworks */,
				9C26432821D5EF8500E57828 /* Resources */,
			);
			buildRules = (
			);
			dependencies = (
				9C26432C21D5EF8500E57828 /* PBXTargetDependency */,
			);
			name = sunriseconchUITests;
			productName = sunriseconchUITests;
			productReference = 9C26432A21D5EF8500E57828 /* sunriseconchUITests.xctest */;
			productType = "com.apple.product-type.bundle.ui-testing";
		};
/* End PBXNativeTarget section */

/* Begin PBXProject section */
		9C26430321D5EF8500E57828 /* Project object */ = {
			isa = PBXProject;
			attributes = {
				LastSwiftUpdateCheck = 1010;
				LastUpgradeCheck = 1010;
				ORGANIZATIONNAME = RobertW.;
				TargetAttributes = {
					9C26430A21D5EF8500E57828 = {
						CreatedOnToolsVersion = 10.1;
					};
					9C26431E21D5EF8500E57828 = {
						CreatedOnToolsVersion = 10.1;
						TestTargetID = 9C26430A21D5EF8500E57828;
					};
					9C26432921D5EF8500E57828 = {
						CreatedOnToolsVersion = 10.1;
						TestTargetID = 9C26430A21D5EF8500E57828;
					};
				};
			};
			buildConfigurationList = 9C26430621D5EF8500E57828 /* Build configuration list for PBXProject "sunriseconch" */;
			compatibilityVersion = "Xcode 9.3";
			developmentRegion = en;
			hasScannedForEncodings = 0;
			knownRegions = (
				en,
				Base,
			);
			mainGroup = 9C26430221D5EF8500E57828;
			productRefGroup = 9C26430C21D5EF8500E57828 /* Products */;
			projectDirPath = "";
			projectRoot = "";
			targets = (
				9C26430A21D5EF8500E57828 /* sunriseconch */,
				9C26431E21D5EF8500E57828 /* sunriseconchTests */,
				9C26432921D5EF8500E57828 /* sunriseconchUITests */,
			);
		};
/* End PBXProject section */

/* Begin PBXResourcesBuildPhase section */
		9C26430921D5EF8500E57828 /* Resources */ = {
			isa = PBXResourcesBuildPhase;
			buildActionMask = 2147483647;
			files = (
				9C26431921D5EF8500E57828 /* LaunchScreen.storyboard in Resources */,
				9C26431621D5EF8500E57828 /* Assets.xcassets in Resources */,
				9C26431421D5EF8500E57828 /* Main.storyboard in Resources */,
			);
			runOnlyForDeploymentPostprocessing = 0;
		};
		9C26431D21D5EF8500E57828 /* Resources */ = {
			isa = PBXResourcesBuildPhase;
			buildActionMask = 2147483647;
			files = (
			);
			runOnlyForDeploymentPostprocessing = 0;
		};
		9C26432821D5EF8500E57828 /* Resources */ = {
			isa = PBXResourcesBuildPhase;
			buildActionMask = 2147483647;
			files = (
			);
			runOnlyForDeploymentPostprocessing = 0;
		};
/* End PBXResourcesBuildPhase section */

/* Begin PBXShellScriptBuildPhase section */
		09B8319D7B7C08E86BEA2FF3 /* [CP] Embed Pods Frameworks */ = {
			isa = PBXShellScriptBuildPhase;
			buildActionMask = 2147483647;
			files = (
			);
			inputFileListPaths = (
			);
			inputPaths = (
				"${SRCROOT}/Pods/Target Support Files/Pods-sunriseconch/Pods-sunriseconch-frameworks.sh",
				"${BUILT_PRODUCTS_DIR}/Solar/Solar.framework",
			);
			name = "[CP] Embed Pods Frameworks";
			outputFileListPaths = (
			);
			outputPaths = (
				"${TARGET_BUILD_DIR}/${FRAMEWORKS_FOLDER_PATH}/Solar.framework",
			);
			runOnlyForDeploymentPostprocessing = 0;
			shellPath = /bin/sh;
			shellScript = "\"${SRCROOT}/Pods/Target Support Files/Pods-sunriseconch/Pods-sunriseconch-frameworks.sh\"\n";
			showEnvVarsInLog = 0;
		};
		290FB1A5A6D39C909C31759F /* [CP] Check Pods Manifest.lock */ = {
			isa = PBXShellScriptBuildPhase;
			buildActionMask = 2147483647;
			files = (
			);
			inputFileListPaths = (
			);
			inputPaths = (
				"${PODS_PODFILE_DIR_PATH}/Podfile.lock",
				"${PODS_ROOT}/Manifest.lock",
			);
			name = "[CP] Check Pods Manifest.lock";
			outputFileListPaths = (
			);
			outputPaths = (
				"$(DERIVED_FILE_DIR)/Pods-sunriseconch-checkManifestLockResult.txt",
			);
			runOnlyForDeploymentPostprocessing = 0;
			shellPath = /bin/sh;
			shellScript = "diff \"${PODS_PODFILE_DIR_PATH}/Podfile.lock\" \"${PODS_ROOT}/Manifest.lock\" > /dev/null\nif [ $? != 0 ] ; then\n    # print error to STDERR\n    echo \"error: The sandbox is not in sync with the Podfile.lock. Run 'pod install' or update your CocoaPods installation.\" >&2\n    exit 1\nfi\n# This output is used by Xcode 'outputs' to avoid re-running this script phase.\necho \"SUCCESS\" > \"${SCRIPT_OUTPUT_FILE_0}\"\n";
			showEnvVarsInLog = 0;
		};
		4CC44A73E910E355E8273724 /* [CP] Check Pods Manifest.lock */ = {
			isa = PBXShellScriptBuildPhase;
			buildActionMask = 2147483647;
			files = (
			);
			inputFileListPaths = (
			);
			inputPaths = (
				"${PODS_PODFILE_DIR_PATH}/Podfile.lock",
				"${PODS_ROOT}/Manifest.lock",
			);
			name = "[CP] Check Pods Manifest.lock";
			outputFileListPaths = (
			);
			outputPaths = (
				"$(DERIVED_FILE_DIR)/Pods-sunriseconchUITests-checkManifestLockResult.txt",
			);
			runOnlyForDeploymentPostprocessing = 0;
			shellPath = /bin/sh;
			shellScript = "diff \"${PODS_PODFILE_DIR_PATH}/Podfile.lock\" \"${PODS_ROOT}/Manifest.lock\" > /dev/null\nif [ $? != 0 ] ; then\n    # print error to STDERR\n    echo \"error: The sandbox is not in sync with the Podfile.lock. Run 'pod install' or update your CocoaPods installation.\" >&2\n    exit 1\nfi\n# This output is used by Xcode 'outputs' to avoid re-running this script phase.\necho \"SUCCESS\" > \"${SCRIPT_OUTPUT_FILE_0}\"\n";
			showEnvVarsInLog = 0;
		};
		914B8602C44D6C8D10A6CA35 /* [CP] Check Pods Manifest.lock */ = {
			isa = PBXShellScriptBuildPhase;
			buildActionMask = 2147483647;
			files = (
			);
			inputFileListPaths = (
			);
			inputPaths = (
				"${PODS_PODFILE_DIR_PATH}/Podfile.lock",
				"${PODS_ROOT}/Manifest.lock",
			);
			name = "[CP] Check Pods Manifest.lock";
			outputFileListPaths = (
			);
			outputPaths = (
				"$(DERIVED_FILE_DIR)/Pods-sunriseconchTests-checkManifestLockResult.txt",
			);
			runOnlyForDeploymentPostprocessing = 0;
			shellPath = /bin/sh;
			shellScript = "diff \"${PODS_PODFILE_DIR_PATH}/Podfile.lock\" \"${PODS_ROOT}/Manifest.lock\" > /dev/null\nif [ $? != 0 ] ; then\n    # print error to STDERR\n    echo \"error: The sandbox is not in sync with the Podfile.lock. Run 'pod install' or update your CocoaPods installation.\" >&2\n    exit 1\nfi\n# This output is used by Xcode 'outputs' to avoid re-running this script phase.\necho \"SUCCESS\" > \"${SCRIPT_OUTPUT_FILE_0}\"\n";
			showEnvVarsInLog = 0;
		};
/* End PBXShellScriptBuildPhase section */

/* Begin PBXSourcesBuildPhase section */
		9C26430721D5EF8500E57828 /* Sources */ = {
			isa = PBXSourcesBuildPhase;
			buildActionMask = 2147483647;
			files = (
				9C26431121D5EF8500E57828 /* ViewController.swift in Sources */,
				9C26430F21D5EF8500E57828 /* AppDelegate.swift in Sources */,
			);
			runOnlyForDeploymentPostprocessing = 0;
		};
		9C26431B21D5EF8500E57828 /* Sources */ = {
			isa = PBXSourcesBuildPhase;
			buildActionMask = 2147483647;
			files = (
				9C26432421D5EF8500E57828 /* sunriseconchTests.swift in Sources */,
			);
			runOnlyForDeploymentPostprocessing = 0;
		};
		9C26432621D5EF8500E57828 /* Sources */ = {
			isa = PBXSourcesBuildPhase;
			buildActionMask = 2147483647;
			files = (
				9C26432F21D5EF8500E57828 /* sunriseconchUITests.swift in Sources */,
			);
			runOnlyForDeploymentPostprocessing = 0;
		};
/* End PBXSourcesBuildPhase section */

/* Begin PBXTargetDependency section */
		9C26432121D5EF8500E57828 /* PBXTargetDependency */ = {
			isa = PBXTargetDependency;
			target = 9C26430A21D5EF8500E57828 /* sunriseconch */;
			targetProxy = 9C26432021D5EF8500E57828 /* PBXContainerItemProxy */;
		};
		9C26432C21D5EF8500E57828 /* PBXTargetDependency */ = {
			isa = PBXTargetDependency;
			target = 9C26430A21D5EF8500E57828 /* sunriseconch */;
			targetProxy = 9C26432B21D5EF8500E57828 /* PBXContainerItemProxy */;
		};
/* End PBXTargetDependency section */

/* Begin PBXVariantGroup section */
		9C26431221D5EF8500E57828 /* Main.storyboard */ = {
			isa = PBXVariantGroup;
			children = (
				9C26431321D5EF8500E57828 /* Base */,
			);
			name = Main.storyboard;
			sourceTree = "<group>";
		};
		9C26431721D5EF8500E57828 /* LaunchScreen.storyboard */ = {
			isa = PBXVariantGroup;
			children = (
				9C26431821D5EF8500E57828 /* Base */,
			);
			name = LaunchScreen.storyboard;
			sourceTree = "<group>";
		};
/* End PBXVariantGroup section */

/* Begin XCBuildConfiguration section */
		9C26433121D5EF8500E57828 /* Debug */ = {
			isa = XCBuildConfiguration;
			buildSettings = {
				ALWAYS_SEARCH_USER_PATHS = NO;
				CLANG_ANALYZER_NONNULL = YES;
				CLANG_ANALYZER_NUMBER_OBJECT_CONVERSION = YES_AGGRESSIVE;
				CLANG_CXX_LANGUAGE_STANDARD = "gnu++14";
				CLANG_CXX_LIBRARY = "libc++";
				CLANG_ENABLE_MODULES = YES;
				CLANG_ENABLE_OBJC_ARC = YES;
				CLANG_ENABLE_OBJC_WEAK = YES;
				CLANG_WARN_BLOCK_CAPTURE_AUTORELEASING = YES;
				CLANG_WARN_BOOL_CONVERSION = YES;
				CLANG_WARN_COMMA = YES;
				CLANG_WARN_CONSTANT_CONVERSION = YES;
				CLANG_WARN_DEPRECATED_OBJC_IMPLEMENTATIONS = YES;
				CLANG_WARN_DIRECT_OBJC_ISA_USAGE = YES_ERROR;
				CLANG_WARN_DOCUMENTATION_COMMENTS = YES;
				CLANG_WARN_EMPTY_BODY = YES;
				CLANG_WARN_ENUM_CONVERSION = YES;
				CLANG_WARN_INFINITE_RECURSION = YES;
				CLANG_WARN_INT_CONVERSION = YES;
				CLANG_WARN_NON_LITERAL_NULL_CONVERSION = YES;
				CLANG_WARN_OBJC_IMPLICIT_RETAIN_SELF = YES;
				CLANG_WARN_OBJC_LITERAL_CONVERSION = YES;
				CLANG_WARN_OBJC_ROOT_CLASS = YES_ERROR;
				CLANG_WARN_RANGE_LOOP_ANALYSIS = YES;
				CLANG_WARN_STRICT_PROTOTYPES = YES;
				CLANG_WARN_SUSPICIOUS_MOVE = YES;
				CLANG_WARN_UNGUARDED_AVAILABILITY = YES_AGGRESSIVE;
				CLANG_WARN_UNREACHABLE_CODE = YES;
				CLANG_WARN__DUPLICATE_METHOD_MATCH = YES;
				CODE_SIGN_IDENTITY = "iPhone Developer";
				COPY_PHASE_STRIP = NO;
				DEBUG_INFORMATION_FORMAT = dwarf;
				ENABLE_STRICT_OBJC_MSGSEND = YES;
				ENABLE_TESTABILITY = YES;
				GCC_C_LANGUAGE_STANDARD = gnu11;
				GCC_DYNAMIC_NO_PIC = NO;
				GCC_NO_COMMON_BLOCKS = YES;
				GCC_OPTIMIZATION_LEVEL = 0;
				GCC_PREPROCESSOR_DEFINITIONS = (
					"DEBUG=1",
					"$(inherited)",
				);
				GCC_WARN_64_TO_32_BIT_CONVERSION = YES;
				GCC_WARN_ABOUT_RETURN_TYPE = YES_ERROR;
				GCC_WARN_UNDECLARED_SELECTOR = YES;
				GCC_WARN_UNINITIALIZED_AUTOS = YES_AGGRESSIVE;
				GCC_WARN_UNUSED_FUNCTION = YES;
				GCC_WARN_UNUSED_VARIABLE = YES;
				IPHONEOS_DEPLOYMENT_TARGET = 12.1;
				MTL_ENABLE_DEBUG_INFO = INCLUDE_SOURCE;
				MTL_FAST_MATH = YES;
				ONLY_ACTIVE_ARCH = YES;
				SDKROOT = iphoneos;
				SWIFT_ACTIVE_COMPILATION_CONDITIONS = DEBUG;
				SWIFT_OPTIMIZATION_LEVEL = "-Onone";
			};
			name = Debug;
		};
		9C26433221D5EF8500E57828 /* Release */ = {
			isa = XCBuildConfiguration;
			buildSettings = {
				ALWAYS_SEARCH_USER_PATHS = NO;
				CLANG_ANALYZER_NONNULL = YES;
				CLANG_ANALYZER_NUMBER_OBJECT_CONVERSION = YES_AGGRESSIVE;
				CLANG_CXX_LANGUAGE_STANDARD = "gnu++14";
				CLANG_CXX_LIBRARY = "libc++";
				CLANG_ENABLE_MODULES = YES;
				CLANG_ENABLE_OBJC_ARC = YES;
				CLANG_ENABLE_OBJC_WEAK = YES;
				CLANG_WARN_BLOCK_CAPTURE_AUTORELEASING = YES;
				CLANG_WARN_BOOL_CONVERSION = YES;
				CLANG_WARN_COMMA = YES;
				CLANG_WARN_CONSTANT_CONVERSION = YES;
				CLANG_WARN_DEPRECATED_OBJC_IMPLEMENTATIONS = YES;
				CLANG_WARN_DIRECT_OBJC_ISA_USAGE = YES_ERROR;
				CLANG_WARN_DOCUMENTATION_COMMENTS = YES;
				CLANG_WARN_EMPTY_BODY = YES;
				CLANG_WARN_ENUM_CONVERSION = YES;
				CLANG_WARN_INFINITE_RECURSION = YES;
				CLANG_WARN_INT_CONVERSION = YES;
				CLANG_WARN_NON_LITERAL_NULL_CONVERSION = YES;
				CLANG_WARN_OBJC_IMPLICIT_RETAIN_SELF = YES;
				CLANG_WARN_OBJC_LITERAL_CONVERSION = YES;
				CLANG_WARN_OBJC_ROOT_CLASS = YES_ERROR;
				CLANG_WARN_RANGE_LOOP_ANALYSIS = YES;
				CLANG_WARN_STRICT_PROTOTYPES = YES;
				CLANG_WARN_SUSPICIOUS_MOVE = YES;
				CLANG_WARN_UNGUARDED_AVAILABILITY = YES_AGGRESSIVE;
				CLANG_WARN_UNREACHABLE_CODE = YES;
				CLANG_WARN__DUPLICATE_METHOD_MATCH = YES;
				CODE_SIGN_IDENTITY = "iPhone Developer";
				COPY_PHASE_STRIP = NO;
				DEBUG_INFORMATION_FORMAT = "dwarf-with-dsym";
				ENABLE_NS_ASSERTIONS = NO;
				ENABLE_STRICT_OBJC_MSGSEND = YES;
				GCC_C_LANGUAGE_STANDARD = gnu11;
				GCC_NO_COMMON_BLOCKS = YES;
				GCC_WARN_64_TO_32_BIT_CONVERSION = YES;
				GCC_WARN_ABOUT_RETURN_TYPE = YES_ERROR;
				GCC_WARN_UNDECLARED_SELECTOR = YES;
				GCC_WARN_UNINITIALIZED_AUTOS = YES_AGGRESSIVE;
				GCC_WARN_UNUSED_FUNCTION = YES;
				GCC_WARN_UNUSED_VARIABLE = YES;
				IPHONEOS_DEPLOYMENT_TARGET = 12.1;
				MTL_ENABLE_DEBUG_INFO = NO;
				MTL_FAST_MATH = YES;
				SDKROOT = iphoneos;
				SWIFT_COMPILATION_MODE = wholemodule;
				SWIFT_OPTIMIZATION_LEVEL = "-O";
				VALIDATE_PRODUCT = YES;
			};
			name = Release;
		};
		9C26433421D5EF8500E57828 /* Debug */ = {
			isa = XCBuildConfiguration;
			baseConfigurationReference = CEFDCFA1E6402EE6E2989AF7 /* Pods-sunriseconch.debug.xcconfig */;
			buildSettings = {
				ASSETCATALOG_COMPILER_APPICON_NAME = AppIcon;
				CODE_SIGN_STYLE = Automatic;
				DEVELOPMENT_TEAM = 4EJYYVE47H;
				INFOPLIST_FILE = sunriseconch/Info.plist;
				LD_RUNPATH_SEARCH_PATHS = (
					"$(inherited)",
					"@executable_path/Frameworks",
				);
				PRODUCT_BUNDLE_IDENTIFIER = "com.color-werner..sunriseconch";
				PRODUCT_NAME = "$(TARGET_NAME)";
				SWIFT_VERSION = 4.2;
				TARGETED_DEVICE_FAMILY = "1,2";
			};
			name = Debug;
		};
		9C26433521D5EF8500E57828 /* Release */ = {
			isa = XCBuildConfiguration;
			baseConfigurationReference = 964F4966D5D3C0DE5707FE3E /* Pods-sunriseconch.release.xcconfig */;
			buildSettings = {
				ASSETCATALOG_COMPILER_APPICON_NAME = AppIcon;
				CODE_SIGN_STYLE = Automatic;
				DEVELOPMENT_TEAM = 4EJYYVE47H;
				INFOPLIST_FILE = sunriseconch/Info.plist;
				LD_RUNPATH_SEARCH_PATHS = (
					"$(inherited)",
					"@executable_path/Frameworks",
				);
				PRODUCT_BUNDLE_IDENTIFIER = "com.color-werner..sunriseconch";
				PRODUCT_NAME = "$(TARGET_NAME)";
				SWIFT_VERSION = 4.2;
				TARGETED_DEVICE_FAMILY = "1,2";
			};
			name = Release;
		};
		9C26433721D5EF8500E57828 /* Debug */ = {
			isa = XCBuildConfiguration;
			baseConfigurationReference = C6E562F60A7C860B16381E4A /* Pods-sunriseconchTests.debug.xcconfig */;
			buildSettings = {
				ALWAYS_EMBED_SWIFT_STANDARD_LIBRARIES = YES;
				BUNDLE_LOADER = "$(TEST_HOST)";
				CODE_SIGN_STYLE = Automatic;
				DEVELOPMENT_TEAM = 4EJYYVE47H;
				INFOPLIST_FILE = sunriseconchTests/Info.plist;
				LD_RUNPATH_SEARCH_PATHS = (
					"$(inherited)",
					"@executable_path/Frameworks",
					"@loader_path/Frameworks",
				);
				PRODUCT_BUNDLE_IDENTIFIER = "com.color-werner..sunriseconchTests";
				PRODUCT_NAME = "$(TARGET_NAME)";
				SWIFT_VERSION = 4.2;
				TARGETED_DEVICE_FAMILY = "1,2";
				TEST_HOST = "$(BUILT_PRODUCTS_DIR)/sunriseconch.app/sunriseconch";
			};
			name = Debug;
		};
		9C26433821D5EF8500E57828 /* Release */ = {
			isa = XCBuildConfiguration;
			baseConfigurationReference = 8F66C2D49B6BFB38D8EFA8C6 /* Pods-sunriseconchTests.release.xcconfig */;
			buildSettings = {
				ALWAYS_EMBED_SWIFT_STANDARD_LIBRARIES = YES;
				BUNDLE_LOADER = "$(TEST_HOST)";
				CODE_SIGN_STYLE = Automatic;
				DEVELOPMENT_TEAM = 4EJYYVE47H;
				INFOPLIST_FILE = sunriseconchTests/Info.plist;
				LD_RUNPATH_SEARCH_PATHS = (
					"$(inherited)",
					"@executable_path/Frameworks",
					"@loader_path/Frameworks",
				);
				PRODUCT_BUNDLE_IDENTIFIER = "com.color-werner..sunriseconchTests";
				PRODUCT_NAME = "$(TARGET_NAME)";
				SWIFT_VERSION = 4.2;
				TARGETED_DEVICE_FAMILY = "1,2";
				TEST_HOST = "$(BUILT_PRODUCTS_DIR)/sunriseconch.app/sunriseconch";
			};
			name = Release;
		};
		9C26433A21D5EF8500E57828 /* Debug */ = {
			isa = XCBuildConfiguration;
			baseConfigurationReference = 868A9DDD15042CDBCA75CF4F /* Pods-sunriseconchUITests.debug.xcconfig */;
			buildSettings = {
				ALWAYS_EMBED_SWIFT_STANDARD_LIBRARIES = YES;
				CODE_SIGN_STYLE = Automatic;
				DEVELOPMENT_TEAM = 4EJYYVE47H;
				INFOPLIST_FILE = sunriseconchUITests/Info.plist;
				LD_RUNPATH_SEARCH_PATHS = (
					"$(inherited)",
					"@executable_path/Frameworks",
					"@loader_path/Frameworks",
				);
				PRODUCT_BUNDLE_IDENTIFIER = "com.color-werner..sunriseconchUITests";
				PRODUCT_NAME = "$(TARGET_NAME)";
				SWIFT_VERSION = 4.2;
				TARGETED_DEVICE_FAMILY = "1,2";
				TEST_TARGET_NAME = sunriseconch;
			};
			name = Debug;
		};
		9C26433B21D5EF8500E57828 /* Release */ = {
			isa = XCBuildConfiguration;
			baseConfigurationReference = 779D134C166A3DE69035BD3B /* Pods-sunriseconchUITests.release.xcconfig */;
			buildSettings = {
				ALWAYS_EMBED_SWIFT_STANDARD_LIBRARIES = YES;
				CODE_SIGN_STYLE = Automatic;
				DEVELOPMENT_TEAM = 4EJYYVE47H;
				INFOPLIST_FILE = sunriseconchUITests/Info.plist;
				LD_RUNPATH_SEARCH_PATHS = (
					"$(inherited)",
					"@executable_path/Frameworks",
					"@loader_path/Frameworks",
				);
				PRODUCT_BUNDLE_IDENTIFIER = "com.color-werner..sunriseconchUITests";
				PRODUCT_NAME = "$(TARGET_NAME)";
				SWIFT_VERSION = 4.2;
				TARGETED_DEVICE_FAMILY = "1,2";
				TEST_TARGET_NAME = sunriseconch;
			};
			name = Release;
		};
/* End XCBuildConfiguration section */

/* Begin XCConfigurationList section */
		9C26430621D5EF8500E57828 /* Build configuration list for PBXProject "sunriseconch" */ = {
			isa = XCConfigurationList;
			buildConfigurations = (
				9C26433121D5EF8500E57828 /* Debug */,
				9C26433221D5EF8500E57828 /* Release */,
			);
			defaultConfigurationIsVisible = 0;
			defaultConfigurationName = Release;
		};
		9C26433321D5EF8500E57828 /* Build configuration list for PBXNativeTarget "sunriseconch" */ = {
			isa = XCConfigurationList;
			buildConfigurations = (
				9C26433421D5EF8500E57828 /* Debug */,
				9C26433521D5EF8500E57828 /* Release */,
			);
			defaultConfigurationIsVisible = 0;
			defaultConfigurationName = Release;
		};
		9C26433621D5EF8500E57828 /* Build configuration list for PBXNativeTarget "sunriseconchTests" */ = {
			isa = XCConfigurationList;
			buildConfigurations = (
				9C26433721D5EF8500E57828 /* Debug */,
				9C26433821D5EF8500E57828 /* Release */,
			);
			defaultConfigurationIsVisible = 0;
			defaultConfigurationName = Release;
		};
		9C26433921D5EF8500E57828 /* Build configuration list for PBXNativeTarget "sunriseconchUITests" */ = {
			isa = XCConfigurationList;
			buildConfigurations = (
				9C26433A21D5EF8500E57828 /* Debug */,
				9C26433B21D5EF8500E57828 /* Release */,
			);
			defaultConfigurationIsVisible = 0;
			defaultConfigurationName = Release;
		};
/* End XCConfigurationList section */
	};
	rootObject = 9C26430321D5EF8500E57828 /* Project object */;
}
